
Microsoft Visual Studio Solution File, Format Version 12.00
# Visual Studio Version 16
VisualStudioVersion = 16.0.29905.134
MinimumVisualStudioVersion = 10.0.40219.1
Project("{9A19103F-16F7-4668-BE54-9A1E7A4F7556}") = "RefactoringIfStatements.LookupTables", "RefactoringIfStatements.LookupTables\RefactoringIfStatements.LookupTables.csproj", "{CA42155C-087E-4934-8CDA-E41DB6AC9F81}"
EndProject
Project("{FAE04EC0-301F-11D3-BF4B-00C04F79EFBC}") = "RefactoringIfStatements.Polymorphism", "RefactoringIfStatements.Polymorphism\RefactoringIfStatements.Polymorphism.csproj", "{DB29B84A-B101-49BC-B2EE-488D8DF2D00E}"
EndProject
Project("{FAE04EC0-301F-11D3-BF4B-00C04F79EFBC}") = "RuntimeCompilation", "..\RuntimeCompilation\RuntimeCompilation\RuntimeCompilation.csproj", "{E053C045-1EB6-4B56-BDAD-80296BB56352}"
EndProject
Global
	GlobalSection(SolutionConfigurationPlatforms) = preSolution
		Debug|Any CPU = Debug|Any CPU
		Release|Any CPU = Release|Any CPU
	EndGlobalSection
	GlobalSection(ProjectConfigurationPlatforms) = postSolution
		{CA42155C-087E-4934-8CDA-E41DB6AC9F81}.Debug|Any CPU.ActiveCfg = Debug|Any CPU
		{CA42155C-087E-4934-8CDA-E41DB6AC9F81}.Debug|Any CPU.Build.0 = Debug|Any CPU
		{CA42155C-087E-4934-8CDA-E41DB6AC9F81}.Release|Any CPU.ActiveCfg = Release|Any CPU
		{CA42155C-087E-4934-8CDA-E41DB6AC9F81}.Release|Any CPU.Build.0 = Release|Any CPU
		{DB29B84A-B101-49BC-B2EE-488D8DF2D00E}.Debug|Any CPU.ActiveCfg = Debug|Any CPU
		{DB29B84A-B101-49BC-B2EE-488D8DF2D00E}.Debug|Any CPU.Build.0 = Debug|Any CPU
		{DB29B84A-B101-49BC-B2EE-488D8DF2D00E}.Release|Any CPU.ActiveCfg = Release|Any CPU
		{DB29B84A-B101-49BC-B2EE-488D8DF2D00E}.Release|Any CPU.Build.0 = Release|Any CPU
		{E053C045-1EB6-4B56-BDAD-80296BB56352}.Debug|Any CPU.ActiveCfg = Debug|Any CPU
		{E053C045-1EB6-4B56-BDAD-80296BB56352}.Debug|Any CPU.Build.0 = Debug|Any CPU
		{E053C045-1EB6-4B56-BDAD-80296BB56352}.Release|Any CPU.ActiveCfg = Release|Any CPU
		{E053C045-1EB6-4B56-BDAD-80296BB56352}.Release|Any CPU.Build.0 = Release|Any CPU
	EndGlobalSection
	GlobalSection(SolutionProperties) = preSolution
		HideSolutionNode = FALSE
	EndGlobalSection
	GlobalSection(ExtensibilityGlobals) = postSolution
		SolutionGuid = {F6154FF1-3016-45E3-A489-9555937A996C}
	EndGlobalSection
EndGlobal
